# THIS IS AN AUTOGENERATED FILE. DO NOT EDIT THIS FILE DIRECTLY.
# yarn lockfile v1


express-validator@^6.10.0:
  version "6.10.0"
  resolved "https://registry.yarnpkg.com/express-validator/-/express-validator-6.10.0.tgz#66f70f73d04fb55c227401c75fe3713879c9cb70"
  integrity sha512-gDtepU94EpUzgFvKO/8JzjZ4uqIF4xHekjYtcNgFDiBK6Hob3MQhPU8s/c3NaWd1xi5e5nA0oVmOJ0b0ZBO36Q==
  dependencies:
    lodash "^4.17.20"
    validator "^13.5.2"

lodash@^4.17.20:
  version "4.17.21"
  resolved "https://registry.yarnpkg.com/lodash/-/lodash-4.17.21.tgz#679591c564c3bffaae8454cf0b3df370c3d6911c"
  integrity sha512-v2kDEe57lecTulaDIuNTPy3Ry4gLGJ6Z1O3vE1krgXZNrsQ+LFTGHVxVjcXPs17LhbZVGedAJv8XZ1tvj5FvSg==

validator@^13.5.2:
  version "13.5.2"
  resolved "https://registry.yarnpkg.com/validator/-/validator-13.5.2.tgz#c97ae63ed4224999fb6f42c91eaca9567fe69a46"
  integrity sha512-mD45p0rvHVBlY2Zuy3F3ESIe1h5X58GPfAtslBjY7EtTqGquZTj+VX/J4RnHWN8FKq0C9WRVt1oWAcytWRuYLQ==
